// !$*UTF8*$!
{
	archiveVersion = 1;
	classes = {
	};
	objectVersion = 51;
	objects = {

/* Begin PBXBuildFile section */
		2D0FBDF32546C01400E4789C /* ReferencePage.swift in Sources */ = {isa = PBXBuildFile; fileRef = 2D0FBDF22546C01400E4789C /* ReferencePage.swift */; };
		2D0FBDF82546C02800E4789C /* ContentReferencePage.swift in Sources */ = {isa = PBXBuildFile; fileRef = 2D0FBDF72546C02800E4789C /* ContentReferencePage.swift */; };
		2D9D84FE2546CB0800BFAF52 /* StyleAndCloth.swift in Sources */ = {isa = PBXBuildFile; fileRef = 2D9D84FD2546CB0800BFAF52 /* StyleAndCloth.swift */; };
		59B5F43704CD8FCCF8DFF37C /* Pods_Pakae_PakaeUITests.framework in Frameworks */ = {isa = PBXBuildFile; fileRef = 5866AEF46CDCF97C32C40C64 /* Pods_Pakae_PakaeUITests.framework */; };
		8936D4392541AF0200070900 /* TabBarPage.swift in Sources */ = {isa = PBXBuildFile; fileRef = 8936D4382541AF0200070900 /* TabBarPage.swift */; };
		89673B9B253160CF00294010 /* PakaeApp.swift in Sources */ = {isa = PBXBuildFile; fileRef = 89673B9A253160CF00294010 /* PakaeApp.swift */; };
		89673B9D253160CF00294010 /* ContentView.swift in Sources */ = {isa = PBXBuildFile; fileRef = 89673B9C253160CF00294010 /* ContentView.swift */; };
		89673B9F253160D000294010 /* Assets.xcassets in Resources */ = {isa = PBXBuildFile; fileRef = 89673B9E253160D000294010 /* Assets.xcassets */; };
		89673BA2253160D000294010 /* Preview Assets.xcassets in Resources */ = {isa = PBXBuildFile; fileRef = 89673BA1253160D000294010 /* Preview Assets.xcassets */; };
		89673BA4253160D000294010 /* Persistence.swift in Sources */ = {isa = PBXBuildFile; fileRef = 89673BA3253160D000294010 /* Persistence.swift */; };
		89673BA7253160D000294010 /* Pakae.xcdatamodeld in Sources */ = {isa = PBXBuildFile; fileRef = 89673BA5253160D000294010 /* Pakae.xcdatamodeld */; };
		89673BB2253160D000294010 /* PakaeTests.swift in Sources */ = {isa = PBXBuildFile; fileRef = 89673BB1253160D000294010 /* PakaeTests.swift */; };
		89673BBD253160D000294010 /* PakaeUITests.swift in Sources */ = {isa = PBXBuildFile; fileRef = 89673BBC253160D000294010 /* PakaeUITests.swift */; };
		89673BF82531740E00294010 /* Constants.swift in Sources */ = {isa = PBXBuildFile; fileRef = 89673BF72531740E00294010 /* Constants.swift */; };
		89673C002531742400294010 /* HTTPClient.swift in Sources */ = {isa = PBXBuildFile; fileRef = 89673BFF2531742400294010 /* HTTPClient.swift */; };
		89673C052531744600294010 /* View+Extensions.swift in Sources */ = {isa = PBXBuildFile; fileRef = 89673C042531744600294010 /* View+Extensions.swift */; };
		89673C0A2531745A00294010 /* Account.swift in Sources */ = {isa = PBXBuildFile; fileRef = 89673C092531745A00294010 /* Account.swift */; };
		89F16B958111B9C9A32A9E13 /* Pods_Pakae.framework in Frameworks */ = {isa = PBXBuildFile; fileRef = 33656F757A8FDA920FD568A9 /* Pods_Pakae.framework */; };
		8C219A5D2541388200FE8292 /* GoogleService-Info.plist in Resources */ = {isa = PBXBuildFile; fileRef = 8C219A5C2541388200FE8292 /* GoogleService-Info.plist */; };
		8C219A622541422B00FE8292 /* CameraInstructionView.swift in Sources */ = {isa = PBXBuildFile; fileRef = 8C219A612541422B00FE8292 /* CameraInstructionView.swift */; };
		8C219A6A254155C800FE8292 /* CameraViewCustomButton.swift in Sources */ = {isa = PBXBuildFile; fileRef = 8C219A69254155C800FE8292 /* CameraViewCustomButton.swift */; };
		8C616C1125385E40008A41E5 /* WelcomePage.swift in Sources */ = {isa = PBXBuildFile; fileRef = 8C616C1025385E40008A41E5 /* WelcomePage.swift */; };
		8C616C1F2538610E008A41E5 /* SkipButton.swift in Sources */ = {isa = PBXBuildFile; fileRef = 8C616C1E2538610E008A41E5 /* SkipButton.swift */; };
		8C616C332538624D008A41E5 /* UsernameLabelandTextField.swift in Sources */ = {isa = PBXBuildFile; fileRef = 8C616C322538624D008A41E5 /* UsernameLabelandTextField.swift */; };
		8C616C3825386289008A41E5 /* PasswordLabelandTextField.swift in Sources */ = {isa = PBXBuildFile; fileRef = 8C616C3725386289008A41E5 /* PasswordLabelandTextField.swift */; };
		8C616C5025386696008A41E5 /* SigninButton.swift in Sources */ = {isa = PBXBuildFile; fileRef = 8C616C4F25386696008A41E5 /* SigninButton.swift */; };
		8C6DBEAB2542C7490023BB86 /* MustContainsEmailLabel.swift in Sources */ = {isa = PBXBuildFile; fileRef = 8C6DBEAA2542C7490023BB86 /* MustContainsEmailLabel.swift */; };
		8C6DBEB32542C75D0023BB86 /* PasswordLessThanLabel.swift in Sources */ = {isa = PBXBuildFile; fileRef = 8C6DBEB22542C75D0023BB86 /* PasswordLessThanLabel.swift */; };
		8C6F8E612536FD170084DA89 /* SignInWithAppleController.swift in Sources */ = {isa = PBXBuildFile; fileRef = 8C6F8E602536FD170084DA89 /* SignInWithAppleController.swift */; };
		8C6F8E6D25370DA60084DA89 /* SignInWithAppleButton.swift in Sources */ = {isa = PBXBuildFile; fileRef = 8C6F8E6C25370DA60084DA89 /* SignInWithAppleButton.swift */; };
		8C6F8E7225370DE20084DA89 /* SigninWithAppleViewModel.swift in Sources */ = {isa = PBXBuildFile; fileRef = 8C6F8E7125370DE20084DA89 /* SigninWithAppleViewModel.swift */; };
		8C7F1593254170D900E1DED9 /* FromGalleryController.swift in Sources */ = {isa = PBXBuildFile; fileRef = 8C7F1592254170D900E1DED9 /* FromGalleryController.swift */; };
		8C9285982542ED6300776BB8 /* OnboardingDataModel.swift in Sources */ = {isa = PBXBuildFile; fileRef = 8C9285952542ED6300776BB8 /* OnboardingDataModel.swift */; };
		8C9285992542ED6300776BB8 /* OnboardingViewPure.swift in Sources */ = {isa = PBXBuildFile; fileRef = 8C9285962542ED6300776BB8 /* OnboardingViewPure.swift */; };
		8C92859A2542ED6300776BB8 /* OnboardingStepView.swift in Sources */ = {isa = PBXBuildFile; fileRef = 8C9285972542ED6300776BB8 /* OnboardingStepView.swift */; };
		8C9285A82542EE2B00776BB8 /* OnBoardingContentView.swift in Sources */ = {isa = PBXBuildFile; fileRef = 8C9285A72542EE2B00776BB8 /* OnBoardingContentView.swift */; };
		8CCEB1CB25404D3400052D88 /* CameraCaptureButtonView.swift in Sources */ = {isa = PBXBuildFile; fileRef = 8CCEB1CA25404D3400052D88 /* CameraCaptureButtonView.swift */; };
		8CCEB1D025404D3900052D88 /* CustomCameraView.swift in Sources */ = {isa = PBXBuildFile; fileRef = 8CCEB1CF25404D3900052D88 /* CustomCameraView.swift */; };
		8CCEB1D525404D4200052D88 /* TakePicturePage.swift in Sources */ = {isa = PBXBuildFile; fileRef = 8CCEB1D425404D4200052D88 /* TakePicturePage.swift */; };
		8CCEB1DA25404D4900052D88 /* CustomCameraController.swift in Sources */ = {isa = PBXBuildFile; fileRef = 8CCEB1D925404D4800052D88 /* CustomCameraController.swift */; };
		8CEF6AED253730B20039002B /* SignInPage.swift in Sources */ = {isa = PBXBuildFile; fileRef = 8CEF6AEC253730B20039002B /* SignInPage.swift */; };
		ED75135E253869480073E28E /* PrimaryButtonScreen.swift in Sources */ = {isa = PBXBuildFile; fileRef = ED75135D253869480073E28E /* PrimaryButtonScreen.swift */; };
		ED751363253869760073E28E /* SignUpScreen.swift in Sources */ = {isa = PBXBuildFile; fileRef = ED751362253869760073E28E /* SignUpScreen.swift */; };
		FDF5BB8BF4F9D565F3547622 /* Pods_PakaeTests.framework in Frameworks */ = {isa = PBXBuildFile; fileRef = 416696E19666AF5060001433 /* Pods_PakaeTests.framework */; };
/* End PBXBuildFile section */

/* Begin PBXContainerItemProxy section */
		89673BAE253160D000294010 /* PBXContainerItemProxy */ = {
			isa = PBXContainerItemProxy;
			containerPortal = 89673B8F253160CF00294010 /* Project object */;
			proxyType = 1;
			remoteGlobalIDString = 89673B96253160CF00294010;
			remoteInfo = Pakae;
		};
		89673BB9253160D000294010 /* PBXContainerItemProxy */ = {
			isa = PBXContainerItemProxy;
			containerPortal = 89673B8F253160CF00294010 /* Project object */;
			proxyType = 1;
			remoteGlobalIDString = 89673B96253160CF00294010;
			remoteInfo = Pakae;
		};
/* End PBXContainerItemProxy section */

/* Begin PBXFileReference section */
		02D6FFF6DBFE1D6D704B8134 /* Pods-PakaeTests.release.xcconfig */ = {isa = PBXFileReference; includeInIndex = 1; lastKnownFileType = text.xcconfig; name = "Pods-PakaeTests.release.xcconfig"; path = "Target Support Files/Pods-PakaeTests/Pods-PakaeTests.release.xcconfig"; sourceTree = "<group>"; };
		1C6DCBCE3BFB7D2DF783B3C7 /* Pods-Pakae-PakaeUITests.debug.xcconfig */ = {isa = PBXFileReference; includeInIndex = 1; lastKnownFileType = text.xcconfig; name = "Pods-Pakae-PakaeUITests.debug.xcconfig"; path = "Target Support Files/Pods-Pakae-PakaeUITests/Pods-Pakae-PakaeUITests.debug.xcconfig"; sourceTree = "<group>"; };
		263ED28431221E5B3E021171 /* Pods-Pakae-PakaeUITests.release.xcconfig */ = {isa = PBXFileReference; includeInIndex = 1; lastKnownFileType = text.xcconfig; name = "Pods-Pakae-PakaeUITests.release.xcconfig"; path = "Target Support Files/Pods-Pakae-PakaeUITests/Pods-Pakae-PakaeUITests.release.xcconfig"; sourceTree = "<group>"; };
		2D0FBDF22546C01400E4789C /* ReferencePage.swift */ = {isa = PBXFileReference; lastKnownFileType = sourcecode.swift; path = ReferencePage.swift; sourceTree = "<group>"; };
		2D0FBDF72546C02800E4789C /* ContentReferencePage.swift */ = {isa = PBXFileReference; lastKnownFileType = sourcecode.swift; path = ContentReferencePage.swift; sourceTree = "<group>"; };
		2D9D84FD2546CB0800BFAF52 /* StyleAndCloth.swift */ = {isa = PBXFileReference; lastKnownFileType = sourcecode.swift; path = StyleAndCloth.swift; sourceTree = "<group>"; };
		33656F757A8FDA920FD568A9 /* Pods_Pakae.framework */ = {isa = PBXFileReference; explicitFileType = wrapper.framework; includeInIndex = 0; path = Pods_Pakae.framework; sourceTree = BUILT_PRODUCTS_DIR; };
		416696E19666AF5060001433 /* Pods_PakaeTests.framework */ = {isa = PBXFileReference; explicitFileType = wrapper.framework; includeInIndex = 0; path = Pods_PakaeTests.framework; sourceTree = BUILT_PRODUCTS_DIR; };
		5866AEF46CDCF97C32C40C64 /* Pods_Pakae_PakaeUITests.framework */ = {isa = PBXFileReference; explicitFileType = wrapper.framework; includeInIndex = 0; path = Pods_Pakae_PakaeUITests.framework; sourceTree = BUILT_PRODUCTS_DIR; };
		8936D4382541AF0200070900 /* TabBarPage.swift */ = {isa = PBXFileReference; lastKnownFileType = sourcecode.swift; path = TabBarPage.swift; sourceTree = "<group>"; };
		89673B97253160CF00294010 /* Pakae.app */ = {isa = PBXFileReference; explicitFileType = wrapper.application; includeInIndex = 0; path = Pakae.app; sourceTree = BUILT_PRODUCTS_DIR; };
		89673B9A253160CF00294010 /* PakaeApp.swift */ = {isa = PBXFileReference; lastKnownFileType = sourcecode.swift; path = PakaeApp.swift; sourceTree = "<group>"; };
		89673B9C253160CF00294010 /* ContentView.swift */ = {isa = PBXFileReference; lastKnownFileType = sourcecode.swift; path = ContentView.swift; sourceTree = "<group>"; };
		89673B9E253160D000294010 /* Assets.xcassets */ = {isa = PBXFileReference; lastKnownFileType = folder.assetcatalog; path = Assets.xcassets; sourceTree = "<group>"; };
		89673BA1253160D000294010 /* Preview Assets.xcassets */ = {isa = PBXFileReference; lastKnownFileType = folder.assetcatalog; path = "Preview Assets.xcassets"; sourceTree = "<group>"; };
		89673BA3253160D000294010 /* Persistence.swift */ = {isa = PBXFileReference; lastKnownFileType = sourcecode.swift; path = Persistence.swift; sourceTree = "<group>"; };
		89673BA6253160D000294010 /* Pakae.xcdatamodel */ = {isa = PBXFileReference; lastKnownFileType = wrapper.xcdatamodel; path = Pakae.xcdatamodel; sourceTree = "<group>"; };
		89673BA8253160D000294010 /* Info.plist */ = {isa = PBXFileReference; lastKnownFileType = text.plist.xml; path = Info.plist; sourceTree = "<group>"; };
		89673BAD253160D000294010 /* PakaeTests.xctest */ = {isa = PBXFileReference; explicitFileType = wrapper.cfbundle; includeInIndex = 0; path = PakaeTests.xctest; sourceTree = BUILT_PRODUCTS_DIR; };
		89673BB1253160D000294010 /* PakaeTests.swift */ = {isa = PBXFileReference; lastKnownFileType = sourcecode.swift; path = PakaeTests.swift; sourceTree = "<group>"; };
		89673BB3253160D000294010 /* Info.plist */ = {isa = PBXFileReference; lastKnownFileType = text.plist.xml; path = Info.plist; sourceTree = "<group>"; };
		89673BB8253160D000294010 /* PakaeUITests.xctest */ = {isa = PBXFileReference; explicitFileType = wrapper.cfbundle; includeInIndex = 0; path = PakaeUITests.xctest; sourceTree = BUILT_PRODUCTS_DIR; };
		89673BBC253160D000294010 /* PakaeUITests.swift */ = {isa = PBXFileReference; lastKnownFileType = sourcecode.swift; path = PakaeUITests.swift; sourceTree = "<group>"; };
		89673BBE253160D000294010 /* Info.plist */ = {isa = PBXFileReference; lastKnownFileType = text.plist.xml; path = Info.plist; sourceTree = "<group>"; };
		89673BF72531740E00294010 /* Constants.swift */ = {isa = PBXFileReference; lastKnownFileType = sourcecode.swift; path = Constants.swift; sourceTree = "<group>"; };
		89673BFF2531742400294010 /* HTTPClient.swift */ = {isa = PBXFileReference; lastKnownFileType = sourcecode.swift; path = HTTPClient.swift; sourceTree = "<group>"; };
		89673C042531744600294010 /* View+Extensions.swift */ = {isa = PBXFileReference; lastKnownFileType = sourcecode.swift; path = "View+Extensions.swift"; sourceTree = "<group>"; };
		89673C092531745A00294010 /* Account.swift */ = {isa = PBXFileReference; lastKnownFileType = sourcecode.swift; path = Account.swift; sourceTree = "<group>"; };
		8C219A5C2541388200FE8292 /* GoogleService-Info.plist */ = {isa = PBXFileReference; fileEncoding = 4; lastKnownFileType = text.plist.xml; name = "GoogleService-Info.plist"; path = "../../../Downloads/GoogleService-Info.plist"; sourceTree = "<group>"; };
		8C219A612541422B00FE8292 /* CameraInstructionView.swift */ = {isa = PBXFileReference; lastKnownFileType = sourcecode.swift; path = CameraInstructionView.swift; sourceTree = "<group>"; };
		8C219A69254155C800FE8292 /* CameraViewCustomButton.swift */ = {isa = PBXFileReference; lastKnownFileType = sourcecode.swift; path = CameraViewCustomButton.swift; sourceTree = "<group>"; };
		8C616C1025385E40008A41E5 /* WelcomePage.swift */ = {isa = PBXFileReference; lastKnownFileType = sourcecode.swift; path = WelcomePage.swift; sourceTree = "<group>"; };
		8C616C1E2538610E008A41E5 /* SkipButton.swift */ = {isa = PBXFileReference; lastKnownFileType = sourcecode.swift; path = SkipButton.swift; sourceTree = "<group>"; };
		8C616C322538624D008A41E5 /* UsernameLabelandTextField.swift */ = {isa = PBXFileReference; lastKnownFileType = sourcecode.swift; path = UsernameLabelandTextField.swift; sourceTree = "<group>"; };
		8C616C3725386289008A41E5 /* PasswordLabelandTextField.swift */ = {isa = PBXFileReference; lastKnownFileType = sourcecode.swift; path = PasswordLabelandTextField.swift; sourceTree = "<group>"; };
		8C616C4F25386696008A41E5 /* SigninButton.swift */ = {isa = PBXFileReference; lastKnownFileType = sourcecode.swift; path = SigninButton.swift; sourceTree = "<group>"; };
		8C6DBEAA2542C7490023BB86 /* MustContainsEmailLabel.swift */ = {isa = PBXFileReference; lastKnownFileType = sourcecode.swift; path = MustContainsEmailLabel.swift; sourceTree = "<group>"; };
		8C6DBEB22542C75D0023BB86 /* PasswordLessThanLabel.swift */ = {isa = PBXFileReference; lastKnownFileType = sourcecode.swift; path = PasswordLessThanLabel.swift; sourceTree = "<group>"; };
		8C6F8E602536FD170084DA89 /* SignInWithAppleController.swift */ = {isa = PBXFileReference; lastKnownFileType = sourcecode.swift; path = SignInWithAppleController.swift; sourceTree = "<group>"; };
		8C6F8E6C25370DA60084DA89 /* SignInWithAppleButton.swift */ = {isa = PBXFileReference; lastKnownFileType = sourcecode.swift; path = SignInWithAppleButton.swift; sourceTree = "<group>"; };
		8C6F8E7125370DE20084DA89 /* SigninWithAppleViewModel.swift */ = {isa = PBXFileReference; lastKnownFileType = sourcecode.swift; path = SigninWithAppleViewModel.swift; sourceTree = "<group>"; };
		8C6F8E7A25370F2A0084DA89 /* Pakae.entitlements */ = {isa = PBXFileReference; lastKnownFileType = text.plist.entitlements; path = Pakae.entitlements; sourceTree = "<group>"; };
		8C7F1592254170D900E1DED9 /* FromGalleryController.swift */ = {isa = PBXFileReference; lastKnownFileType = sourcecode.swift; path = FromGalleryController.swift; sourceTree = "<group>"; };
		8C9285952542ED6300776BB8 /* OnboardingDataModel.swift */ = {isa = PBXFileReference; fileEncoding = 4; lastKnownFileType = sourcecode.swift; path = OnboardingDataModel.swift; sourceTree = "<group>"; };
		8C9285962542ED6300776BB8 /* OnboardingViewPure.swift */ = {isa = PBXFileReference; fileEncoding = 4; lastKnownFileType = sourcecode.swift; path = OnboardingViewPure.swift; sourceTree = "<group>"; };
		8C9285972542ED6300776BB8 /* OnboardingStepView.swift */ = {isa = PBXFileReference; fileEncoding = 4; lastKnownFileType = sourcecode.swift; path = OnboardingStepView.swift; sourceTree = "<group>"; };
		8C9285A72542EE2B00776BB8 /* OnBoardingContentView.swift */ = {isa = PBXFileReference; lastKnownFileType = sourcecode.swift; path = OnBoardingContentView.swift; sourceTree = "<group>"; };
		8CCEB1CA25404D3400052D88 /* CameraCaptureButtonView.swift */ = {isa = PBXFileReference; fileEncoding = 4; lastKnownFileType = sourcecode.swift; path = CameraCaptureButtonView.swift; sourceTree = "<group>"; };
		8CCEB1CF25404D3900052D88 /* CustomCameraView.swift */ = {isa = PBXFileReference; fileEncoding = 4; lastKnownFileType = sourcecode.swift; path = CustomCameraView.swift; sourceTree = "<group>"; };
		8CCEB1D425404D4200052D88 /* TakePicturePage.swift */ = {isa = PBXFileReference; fileEncoding = 4; lastKnownFileType = sourcecode.swift; path = TakePicturePage.swift; sourceTree = "<group>"; };
		8CCEB1D925404D4800052D88 /* CustomCameraController.swift */ = {isa = PBXFileReference; fileEncoding = 4; lastKnownFileType = sourcecode.swift; path = CustomCameraController.swift; sourceTree = "<group>"; };
		8CEF6AEC253730B20039002B /* SignInPage.swift */ = {isa = PBXFileReference; lastKnownFileType = sourcecode.swift; path = SignInPage.swift; sourceTree = "<group>"; };
		E093CF6D2A5B8E9AA0C22C09 /* Pods-Pakae.release.xcconfig */ = {isa = PBXFileReference; includeInIndex = 1; lastKnownFileType = text.xcconfig; name = "Pods-Pakae.release.xcconfig"; path = "Target Support Files/Pods-Pakae/Pods-Pakae.release.xcconfig"; sourceTree = "<group>"; };
		ED75135D253869480073E28E /* PrimaryButtonScreen.swift */ = {isa = PBXFileReference; lastKnownFileType = sourcecode.swift; path = PrimaryButtonScreen.swift; sourceTree = "<group>"; };
		ED751362253869760073E28E /* SignUpScreen.swift */ = {isa = PBXFileReference; lastKnownFileType = sourcecode.swift; path = SignUpScreen.swift; sourceTree = "<group>"; };
		EF62C1E9690C5DF19BC0FB84 /* Pods-Pakae.debug.xcconfig */ = {isa = PBXFileReference; includeInIndex = 1; lastKnownFileType = text.xcconfig; name = "Pods-Pakae.debug.xcconfig"; path = "Target Support Files/Pods-Pakae/Pods-Pakae.debug.xcconfig"; sourceTree = "<group>"; };
		F58E8C5FD2D89C1B3559DB0E /* Pods-PakaeTests.debug.xcconfig */ = {isa = PBXFileReference; includeInIndex = 1; lastKnownFileType = text.xcconfig; name = "Pods-PakaeTests.debug.xcconfig"; path = "Target Support Files/Pods-PakaeTests/Pods-PakaeTests.debug.xcconfig"; sourceTree = "<group>"; };
/* End PBXFileReference section */

/* Begin PBXFrameworksBuildPhase section */
		89673B94253160CF00294010 /* Frameworks */ = {
			isa = PBXFrameworksBuildPhase;
			buildActionMask = 2147483647;
			files = (
				89F16B958111B9C9A32A9E13 /* Pods_Pakae.framework in Frameworks */,
			);
			runOnlyForDeploymentPostprocessing = 0;
		};
		89673BAA253160D000294010 /* Frameworks */ = {
			isa = PBXFrameworksBuildPhase;
			buildActionMask = 2147483647;
			files = (
				FDF5BB8BF4F9D565F3547622 /* Pods_PakaeTests.framework in Frameworks */,
			);
			runOnlyForDeploymentPostprocessing = 0;
		};
		89673BB5253160D000294010 /* Frameworks */ = {
			isa = PBXFrameworksBuildPhase;
			buildActionMask = 2147483647;
			files = (
				59B5F43704CD8FCCF8DFF37C /* Pods_Pakae_PakaeUITests.framework in Frameworks */,
			);
			runOnlyForDeploymentPostprocessing = 0;
		};
/* End PBXFrameworksBuildPhase section */

/* Begin PBXGroup section */
		04D71C1F16085672A06BC8F3 /* Pods */ = {
			isa = PBXGroup;
			children = (
				EF62C1E9690C5DF19BC0FB84 /* Pods-Pakae.debug.xcconfig */,
				E093CF6D2A5B8E9AA0C22C09 /* Pods-Pakae.release.xcconfig */,
				1C6DCBCE3BFB7D2DF783B3C7 /* Pods-Pakae-PakaeUITests.debug.xcconfig */,
				263ED28431221E5B3E021171 /* Pods-Pakae-PakaeUITests.release.xcconfig */,
				F58E8C5FD2D89C1B3559DB0E /* Pods-PakaeTests.debug.xcconfig */,
				02D6FFF6DBFE1D6D704B8134 /* Pods-PakaeTests.release.xcconfig */,
			);
			path = Pods;
			sourceTree = "<group>";
		};
		2966C119D70989AA72522D9D /* Frameworks */ = {
			isa = PBXGroup;
			children = (
				33656F757A8FDA920FD568A9 /* Pods_Pakae.framework */,
				5866AEF46CDCF97C32C40C64 /* Pods_Pakae_PakaeUITests.framework */,
				416696E19666AF5060001433 /* Pods_PakaeTests.framework */,
			);
			name = Frameworks;
			sourceTree = "<group>";
		};
		89673B8E253160CF00294010 = {
			isa = PBXGroup;
			children = (
				89673B99253160CF00294010 /* Pakae */,
				89673BB0253160D000294010 /* PakaeTests */,
				89673BBB253160D000294010 /* PakaeUITests */,
				89673B98253160CF00294010 /* Products */,
				04D71C1F16085672A06BC8F3 /* Pods */,
				2966C119D70989AA72522D9D /* Frameworks */,
			);
			sourceTree = "<group>";
		};
		89673B98253160CF00294010 /* Products */ = {
			isa = PBXGroup;
			children = (
				89673B97253160CF00294010 /* Pakae.app */,
				89673BAD253160D000294010 /* PakaeTests.xctest */,
				89673BB8253160D000294010 /* PakaeUITests.xctest */,
			);
			name = Products;
			sourceTree = "<group>";
		};
		89673B99253160CF00294010 /* Pakae */ = {
			isa = PBXGroup;
			children = (
				8C6F8E7A25370F2A0084DA89 /* Pakae.entitlements */,
				8C6F8E7625370EDC0084DA89 /* UIKit */,
				89673BDC2531685400294010 /* Utils */,
				89673BDB2531684A00294010 /* Services */,
				89673BDA2531684200294010 /* Extensions */,
				89673BD32531671700294010 /* Models */,
				89673BD42531671D00294010 /* View Models */,
				89673BD62531673A00294010 /* Screens */,
				89673BD52531673400294010 /* Views */,
				89673B9A253160CF00294010 /* PakaeApp.swift */,
				89673B9C253160CF00294010 /* ContentView.swift */,
				89673B9E253160D000294010 /* Assets.xcassets */,
				89673BA3253160D000294010 /* Persistence.swift */,
				8C219A5C2541388200FE8292 /* GoogleService-Info.plist */,
				89673BA8253160D000294010 /* Info.plist */,
				89673BA5253160D000294010 /* Pakae.xcdatamodeld */,
				89673BA0253160D000294010 /* Preview Content */,
			);
			path = Pakae;
			sourceTree = "<group>";
		};
		89673BA0253160D000294010 /* Preview Content */ = {
			isa = PBXGroup;
			children = (
				89673BA1253160D000294010 /* Preview Assets.xcassets */,
			);
			path = "Preview Content";
			sourceTree = "<group>";
		};
		89673BB0253160D000294010 /* PakaeTests */ = {
			isa = PBXGroup;
			children = (
				89673BB1253160D000294010 /* PakaeTests.swift */,
				89673BB3253160D000294010 /* Info.plist */,
			);
			path = PakaeTests;
			sourceTree = "<group>";
		};
		89673BBB253160D000294010 /* PakaeUITests */ = {
			isa = PBXGroup;
			children = (
				89673BBC253160D000294010 /* PakaeUITests.swift */,
				89673BBE253160D000294010 /* Info.plist */,
			);
			path = PakaeUITests;
			sourceTree = "<group>";
		};
		89673BD32531671700294010 /* Models */ = {
			isa = PBXGroup;
			children = (
				89673C092531745A00294010 /* Account.swift */,
				8C9285952542ED6300776BB8 /* OnboardingDataModel.swift */,
				2D9D84FD2546CB0800BFAF52 /* StyleAndCloth.swift */,
			);
			path = Models;
			sourceTree = "<group>";
		};
		89673BD42531671D00294010 /* View Models */ = {
			isa = PBXGroup;
			children = (
				8C6F8E7125370DE20084DA89 /* SigninWithAppleViewModel.swift */,
				8CCEB1D925404D4800052D88 /* CustomCameraController.swift */,
				8C7F1592254170D900E1DED9 /* FromGalleryController.swift */,
			);
			path = "View Models";
			sourceTree = "<group>";
		};
		89673BD52531673400294010 /* Views */ = {
			isa = PBXGroup;
			children = (
				8C9285972542ED6300776BB8 /* OnboardingStepView.swift */,
				8C9285962542ED6300776BB8 /* OnboardingViewPure.swift */,
				8C6F8E6C25370DA60084DA89 /* SignInWithAppleButton.swift */,
				8C616C1E2538610E008A41E5 /* SkipButton.swift */,
				8C616C322538624D008A41E5 /* UsernameLabelandTextField.swift */,
				8C6DBEAA2542C7490023BB86 /* MustContainsEmailLabel.swift */,
				8C616C3725386289008A41E5 /* PasswordLabelandTextField.swift */,
				8C6DBEB22542C75D0023BB86 /* PasswordLessThanLabel.swift */,
				8C616C4F25386696008A41E5 /* SigninButton.swift */,
				8C219A6E254156E100FE8292 /* TakePicture For Detect */,
				ED75135C253869370073E28E /* Modifier */,
			);
			path = Views;
			sourceTree = "<group>";
		};
		89673BD62531673A00294010 /* Screens */ = {
			isa = PBXGroup;
			children = (
				8C616C1025385E40008A41E5 /* WelcomePage.swift */,
				8CEF6AEC253730B20039002B /* SignInPage.swift */,
				ED751362253869760073E28E /* SignUpScreen.swift */,
				8CCEB1D425404D4200052D88 /* TakePicturePage.swift */,
				8936D4382541AF0200070900 /* TabBarPage.swift */,
				8C9285A72542EE2B00776BB8 /* OnBoardingContentView.swift */,
				2D0FBDF22546C01400E4789C /* ReferencePage.swift */,
				2D0FBDF72546C02800E4789C /* ContentReferencePage.swift */,
			);
			path = Screens;
			sourceTree = "<group>";
		};
		89673BDA2531684200294010 /* Extensions */ = {
			isa = PBXGroup;
			children = (
				89673C042531744600294010 /* View+Extensions.swift */,
			);
			path = Extensions;
			sourceTree = "<group>";
		};
		89673BDB2531684A00294010 /* Services */ = {
			isa = PBXGroup;
			children = (
				89673BFF2531742400294010 /* HTTPClient.swift */,
			);
			path = Services;
			sourceTree = "<group>";
		};
		89673BDC2531685400294010 /* Utils */ = {
			isa = PBXGroup;
			children = (
				89673BF72531740E00294010 /* Constants.swift */,
			);
			path = Utils;
			sourceTree = "<group>";
		};
		8C219A6E254156E100FE8292 /* TakePicture For Detect */ = {
			isa = PBXGroup;
			children = (
				8C219AE725416F4300FE8292 /* TakePicture */,
			);
			path = "TakePicture For Detect";
			sourceTree = "<group>";
		};
		8C219AE725416F4300FE8292 /* TakePicture */ = {
			isa = PBXGroup;
			children = (
				8C219A612541422B00FE8292 /* CameraInstructionView.swift */,
				8CCEB1CF25404D3900052D88 /* CustomCameraView.swift */,
				8C219A69254155C800FE8292 /* CameraViewCustomButton.swift */,
				8CCEB1CA25404D3400052D88 /* CameraCaptureButtonView.swift */,
			);
			path = TakePicture;
			sourceTree = "<group>";
		};
		8C6F8E7625370EDC0084DA89 /* UIKit */ = {
			isa = PBXGroup;
			children = (
				8C6F8E602536FD170084DA89 /* SignInWithAppleController.swift */,
			);
			path = UIKit;
			sourceTree = "<group>";
		};
		ED75135C253869370073E28E /* Modifier */ = {
			isa = PBXGroup;
			children = (
				ED75135D253869480073E28E /* PrimaryButtonScreen.swift */,
			);
			path = Modifier;
			sourceTree = "<group>";
		};
/* End PBXGroup section */

/* Begin PBXNativeTarget section */
		89673B96253160CF00294010 /* Pakae */ = {
			isa = PBXNativeTarget;
			buildConfigurationList = 89673BC1253160D000294010 /* Build configuration list for PBXNativeTarget "Pakae" */;
			buildPhases = (
				F4707AE12FFE245CB5108440 /* [CP] Check Pods Manifest.lock */,
				89673B93253160CF00294010 /* Sources */,
				89673B94253160CF00294010 /* Frameworks */,
				89673B95253160CF00294010 /* Resources */,
				92FDC7241F3C64620E287541 /* [CP] Embed Pods Frameworks */,
			);
			buildRules = (
			);
			dependencies = (
			);
			name = Pakae;
			productName = Pakae;
			productReference = 89673B97253160CF00294010 /* Pakae.app */;
			productType = "com.apple.product-type.application";
		};
		89673BAC253160D000294010 /* PakaeTests */ = {
			isa = PBXNativeTarget;
			buildConfigurationList = 89673BC4253160D000294010 /* Build configuration list for PBXNativeTarget "PakaeTests" */;
			buildPhases = (
				94AD0FEB515CBBC7DAD2E182 /* [CP] Check Pods Manifest.lock */,
				89673BA9253160D000294010 /* Sources */,
				89673BAA253160D000294010 /* Frameworks */,
				89673BAB253160D000294010 /* Resources */,
			);
			buildRules = (
			);
			dependencies = (
				89673BAF253160D000294010 /* PBXTargetDependency */,
			);
			name = PakaeTests;
			productName = PakaeTests;
			productReference = 89673BAD253160D000294010 /* PakaeTests.xctest */;
			productType = "com.apple.product-type.bundle.unit-test";
		};
		89673BB7253160D000294010 /* PakaeUITests */ = {
			isa = PBXNativeTarget;
			buildConfigurationList = 89673BC7253160D000294010 /* Build configuration list for PBXNativeTarget "PakaeUITests" */;
			buildPhases = (
				FAF2EC7FAFE2893C800D595C /* [CP] Check Pods Manifest.lock */,
				89673BB4253160D000294010 /* Sources */,
				89673BB5253160D000294010 /* Frameworks */,
				89673BB6253160D000294010 /* Resources */,
				7FEA4FC7645D849A82C38320 /* [CP] Embed Pods Frameworks */,
			);
			buildRules = (
			);
			dependencies = (
				89673BBA253160D000294010 /* PBXTargetDependency */,
			);
			name = PakaeUITests;
			productName = PakaeUITests;
			productReference = 89673BB8253160D000294010 /* PakaeUITests.xctest */;
			productType = "com.apple.product-type.bundle.ui-testing";
		};
/* End PBXNativeTarget section */

/* Begin PBXProject section */
		89673B8F253160CF00294010 /* Project object */ = {
			isa = PBXProject;
			attributes = {
				LastSwiftUpdateCheck = 1200;
				LastUpgradeCheck = 1200;
				TargetAttributes = {
					89673B96253160CF00294010 = {
						CreatedOnToolsVersion = 12.0.1;
					};
					89673BAC253160D000294010 = {
						CreatedOnToolsVersion = 12.0.1;
						TestTargetID = 89673B96253160CF00294010;
					};
					89673BB7253160D000294010 = {
						CreatedOnToolsVersion = 12.0.1;
						TestTargetID = 89673B96253160CF00294010;
					};
				};
			};
			buildConfigurationList = 89673B92253160CF00294010 /* Build configuration list for PBXProject "Pakae" */;
			compatibilityVersion = "Xcode 9.3";
			developmentRegion = en;
			hasScannedForEncodings = 0;
			knownRegions = (
				en,
				Base,
			);
			mainGroup = 89673B8E253160CF00294010;
			productRefGroup = 89673B98253160CF00294010 /* Products */;
			projectDirPath = "";
			projectRoot = "";
			targets = (
				89673B96253160CF00294010 /* Pakae */,
				89673BAC253160D000294010 /* PakaeTests */,
				89673BB7253160D000294010 /* PakaeUITests */,
			);
		};
/* End PBXProject section */

/* Begin PBXResourcesBuildPhase section */
		89673B95253160CF00294010 /* Resources */ = {
			isa = PBXResourcesBuildPhase;
			buildActionMask = 2147483647;
			files = (
				89673BA2253160D000294010 /* Preview Assets.xcassets in Resources */,
				89673B9F253160D000294010 /* Assets.xcassets in Resources */,
				8C219A5D2541388200FE8292 /* GoogleService-Info.plist in Resources */,
			);
			runOnlyForDeploymentPostprocessing = 0;
		};
		89673BAB253160D000294010 /* Resources */ = {
			isa = PBXResourcesBuildPhase;
			buildActionMask = 2147483647;
			files = (
			);
			runOnlyForDeploymentPostprocessing = 0;
		};
		89673BB6253160D000294010 /* Resources */ = {
			isa = PBXResourcesBuildPhase;
			buildActionMask = 2147483647;
			files = (
			);
			runOnlyForDeploymentPostprocessing = 0;
		};
/* End PBXResourcesBuildPhase section */

/* Begin PBXShellScriptBuildPhase section */
		7FEA4FC7645D849A82C38320 /* [CP] Embed Pods Frameworks */ = {
			isa = PBXShellScriptBuildPhase;
			buildActionMask = 2147483647;
			files = (
			);
			inputFileListPaths = (
				"${PODS_ROOT}/Target Support Files/Pods-Pakae-PakaeUITests/Pods-Pakae-PakaeUITests-frameworks-${CONFIGURATION}-input-files.xcfilelist",
			);
			name = "[CP] Embed Pods Frameworks";
			outputFileListPaths = (
				"${PODS_ROOT}/Target Support Files/Pods-Pakae-PakaeUITests/Pods-Pakae-PakaeUITests-frameworks-${CONFIGURATION}-output-files.xcfilelist",
			);
			runOnlyForDeploymentPostprocessing = 0;
			shellPath = /bin/sh;
			shellScript = "\"${PODS_ROOT}/Target Support Files/Pods-Pakae-PakaeUITests/Pods-Pakae-PakaeUITests-frameworks.sh\"\n";
			showEnvVarsInLog = 0;
		};
		92FDC7241F3C64620E287541 /* [CP] Embed Pods Frameworks */ = {
			isa = PBXShellScriptBuildPhase;
			buildActionMask = 2147483647;
			files = (
			);
			inputFileListPaths = (
				"${PODS_ROOT}/Target Support Files/Pods-Pakae/Pods-Pakae-frameworks-${CONFIGURATION}-input-files.xcfilelist",
			);
			name = "[CP] Embed Pods Frameworks";
			outputFileListPaths = (
				"${PODS_ROOT}/Target Support Files/Pods-Pakae/Pods-Pakae-frameworks-${CONFIGURATION}-output-files.xcfilelist",
			);
			runOnlyForDeploymentPostprocessing = 0;
			shellPath = /bin/sh;
			shellScript = "\"${PODS_ROOT}/Target Support Files/Pods-Pakae/Pods-Pakae-frameworks.sh\"\n";
			showEnvVarsInLog = 0;
		};
		94AD0FEB515CBBC7DAD2E182 /* [CP] Check Pods Manifest.lock */ = {
			isa = PBXShellScriptBuildPhase;
			buildActionMask = 2147483647;
			files = (
			);
			inputFileListPaths = (
			);
			inputPaths = (
				"${PODS_PODFILE_DIR_PATH}/Podfile.lock",
				"${PODS_ROOT}/Manifest.lock",
			);
			name = "[CP] Check Pods Manifest.lock";
			outputFileListPaths = (
			);
			outputPaths = (
				"$(DERIVED_FILE_DIR)/Pods-PakaeTests-checkManifestLockResult.txt",
			);
			runOnlyForDeploymentPostprocessing = 0;
			shellPath = /bin/sh;
			shellScript = "diff \"${PODS_PODFILE_DIR_PATH}/Podfile.lock\" \"${PODS_ROOT}/Manifest.lock\" > /dev/null\nif [ $? != 0 ] ; then\n    # print error to STDERR\n    echo \"error: The sandbox is not in sync with the Podfile.lock. Run 'pod install' or update your CocoaPods installation.\" >&2\n    exit 1\nfi\n# This output is used by Xcode 'outputs' to avoid re-running this script phase.\necho \"SUCCESS\" > \"${SCRIPT_OUTPUT_FILE_0}\"\n";
			showEnvVarsInLog = 0;
		};
		F4707AE12FFE245CB5108440 /* [CP] Check Pods Manifest.lock */ = {
			isa = PBXShellScriptBuildPhase;
			buildActionMask = 2147483647;
			files = (
			);
			inputFileListPaths = (
			);
			inputPaths = (
				"${PODS_PODFILE_DIR_PATH}/Podfile.lock",
				"${PODS_ROOT}/Manifest.lock",
			);
			name = "[CP] Check Pods Manifest.lock";
			outputFileListPaths = (
			);
			outputPaths = (
				"$(DERIVED_FILE_DIR)/Pods-Pakae-checkManifestLockResult.txt",
			);
			runOnlyForDeploymentPostprocessing = 0;
			shellPath = /bin/sh;
			shellScript = "diff \"${PODS_PODFILE_DIR_PATH}/Podfile.lock\" \"${PODS_ROOT}/Manifest.lock\" > /dev/null\nif [ $? != 0 ] ; then\n    # print error to STDERR\n    echo \"error: The sandbox is not in sync with the Podfile.lock. Run 'pod install' or update your CocoaPods installation.\" >&2\n    exit 1\nfi\n# This output is used by Xcode 'outputs' to avoid re-running this script phase.\necho \"SUCCESS\" > \"${SCRIPT_OUTPUT_FILE_0}\"\n";
			showEnvVarsInLog = 0;
		};
		FAF2EC7FAFE2893C800D595C /* [CP] Check Pods Manifest.lock */ = {
			isa = PBXShellScriptBuildPhase;
			buildActionMask = 2147483647;
			files = (
			);
			inputFileListPaths = (
			);
			inputPaths = (
				"${PODS_PODFILE_DIR_PATH}/Podfile.lock",
				"${PODS_ROOT}/Manifest.lock",
			);
			name = "[CP] Check Pods Manifest.lock";
			outputFileListPaths = (
			);
			outputPaths = (
				"$(DERIVED_FILE_DIR)/Pods-Pakae-PakaeUITests-checkManifestLockResult.txt",
			);
			runOnlyForDeploymentPostprocessing = 0;
			shellPath = /bin/sh;
			shellScript = "diff \"${PODS_PODFILE_DIR_PATH}/Podfile.lock\" \"${PODS_ROOT}/Manifest.lock\" > /dev/null\nif [ $? != 0 ] ; then\n    # print error to STDERR\n    echo \"error: The sandbox is not in sync with the Podfile.lock. Run 'pod install' or update your CocoaPods installation.\" >&2\n    exit 1\nfi\n# This output is used by Xcode 'outputs' to avoid re-running this script phase.\necho \"SUCCESS\" > \"${SCRIPT_OUTPUT_FILE_0}\"\n";
			showEnvVarsInLog = 0;
		};
/* End PBXShellScriptBuildPhase section */

/* Begin PBXSourcesBuildPhase section */
		89673B93253160CF00294010 /* Sources */ = {
			isa = PBXSourcesBuildPhase;
			buildActionMask = 2147483647;
			files = (
				2D0FBDF82546C02800E4789C /* ContentReferencePage.swift in Sources */,
				8C9285992542ED6300776BB8 /* OnboardingViewPure.swift in Sources */,
				8CCEB1CB25404D3400052D88 /* CameraCaptureButtonView.swift in Sources */,
				8CCEB1DA25404D4900052D88 /* CustomCameraController.swift in Sources */,
				2D9D84FE2546CB0800BFAF52 /* StyleAndCloth.swift in Sources */,
				8C6DBEB32542C75D0023BB86 /* PasswordLessThanLabel.swift in Sources */,
				89673BF82531740E00294010 /* Constants.swift in Sources */,
				ED751363253869760073E28E /* SignUpScreen.swift in Sources */,
				8CCEB1D525404D4200052D88 /* TakePicturePage.swift in Sources */,
				89673BA7253160D000294010 /* Pakae.xcdatamodeld in Sources */,
				89673C002531742400294010 /* HTTPClient.swift in Sources */,
				ED75135E253869480073E28E /* PrimaryButtonScreen.swift in Sources */,
				8C7F1593254170D900E1DED9 /* FromGalleryController.swift in Sources */,
				89673C052531744600294010 /* View+Extensions.swift in Sources */,
				8C219A6A254155C800FE8292 /* CameraViewCustomButton.swift in Sources */,
				8C92859A2542ED6300776BB8 /* OnboardingStepView.swift in Sources */,
				89673BA4253160D000294010 /* Persistence.swift in Sources */,
				8C616C1125385E40008A41E5 /* WelcomePage.swift in Sources */,
				8C616C3825386289008A41E5 /* PasswordLabelandTextField.swift in Sources */,
				8C6F8E7225370DE20084DA89 /* SigninWithAppleViewModel.swift in Sources */,
				89673C0A2531745A00294010 /* Account.swift in Sources */,
				8C6F8E6D25370DA60084DA89 /* SignInWithAppleButton.swift in Sources */,
				8C9285982542ED6300776BB8 /* OnboardingDataModel.swift in Sources */,
				8CCEB1D025404D3900052D88 /* CustomCameraView.swift in Sources */,
				89673B9D253160CF00294010 /* ContentView.swift in Sources */,
				8C616C5025386696008A41E5 /* SigninButton.swift in Sources */,
				2D0FBDF32546C01400E4789C /* ReferencePage.swift in Sources */,
				8C6F8E612536FD170084DA89 /* SignInWithAppleController.swift in Sources */,
				8C616C332538624D008A41E5 /* UsernameLabelandTextField.swift in Sources */,
				8C219A622541422B00FE8292 /* CameraInstructionView.swift in Sources */,
				89673B9B253160CF00294010 /* PakaeApp.swift in Sources */,
				8936D4392541AF0200070900 /* TabBarPage.swift in Sources */,
				8C616C1F2538610E008A41E5 /* SkipButton.swift in Sources */,
				8CEF6AED253730B20039002B /* SignInPage.swift in Sources */,
				8C9285A82542EE2B00776BB8 /* OnBoardingContentView.swift in Sources */,
				8C6DBEAB2542C7490023BB86 /* MustContainsEmailLabel.swift in Sources */,
			);
			runOnlyForDeploymentPostprocessing = 0;
		};
		89673BA9253160D000294010 /* Sources */ = {
			isa = PBXSourcesBuildPhase;
			buildActionMask = 2147483647;
			files = (
				89673BB2253160D000294010 /* PakaeTests.swift in Sources */,
			);
			runOnlyForDeploymentPostprocessing = 0;
		};
		89673BB4253160D000294010 /* Sources */ = {
			isa = PBXSourcesBuildPhase;
			buildActionMask = 2147483647;
			files = (
				89673BBD253160D000294010 /* PakaeUITests.swift in Sources */,
			);
			runOnlyForDeploymentPostprocessing = 0;
		};
/* End PBXSourcesBuildPhase section */

/* Begin PBXTargetDependency section */
		89673BAF253160D000294010 /* PBXTargetDependency */ = {
			isa = PBXTargetDependency;
			target = 89673B96253160CF00294010 /* Pakae */;
			targetProxy = 89673BAE253160D000294010 /* PBXContainerItemProxy */;
		};
		89673BBA253160D000294010 /* PBXTargetDependency */ = {
			isa = PBXTargetDependency;
			target = 89673B96253160CF00294010 /* Pakae */;
			targetProxy = 89673BB9253160D000294010 /* PBXContainerItemProxy */;
		};
/* End PBXTargetDependency section */

/* Begin XCBuildConfiguration section */
		89673BBF253160D000294010 /* Debug */ = {
			isa = XCBuildConfiguration;
			buildSettings = {
				ALWAYS_SEARCH_USER_PATHS = NO;
				CLANG_ANALYZER_NONNULL = YES;
				CLANG_ANALYZER_NUMBER_OBJECT_CONVERSION = YES_AGGRESSIVE;
				CLANG_CXX_LANGUAGE_STANDARD = "gnu++14";
				CLANG_CXX_LIBRARY = "libc++";
				CLANG_ENABLE_MODULES = YES;
				CLANG_ENABLE_OBJC_ARC = YES;
				CLANG_ENABLE_OBJC_WEAK = YES;
				CLANG_WARN_BLOCK_CAPTURE_AUTORELEASING = YES;
				CLANG_WARN_BOOL_CONVERSION = YES;
				CLANG_WARN_COMMA = YES;
				CLANG_WARN_CONSTANT_CONVERSION = YES;
				CLANG_WARN_DEPRECATED_OBJC_IMPLEMENTATIONS = YES;
				CLANG_WARN_DIRECT_OBJC_ISA_USAGE = YES_ERROR;
				CLANG_WARN_DOCUMENTATION_COMMENTS = YES;
				CLANG_WARN_EMPTY_BODY = YES;
				CLANG_WARN_ENUM_CONVERSION = YES;
				CLANG_WARN_INFINITE_RECURSION = YES;
				CLANG_WARN_INT_CONVERSION = YES;
				CLANG_WARN_NON_LITERAL_NULL_CONVERSION = YES;
				CLANG_WARN_OBJC_IMPLICIT_RETAIN_SELF = YES;
				CLANG_WARN_OBJC_LITERAL_CONVERSION = YES;
				CLANG_WARN_OBJC_ROOT_CLASS = YES_ERROR;
				CLANG_WARN_QUOTED_INCLUDE_IN_FRAMEWORK_HEADER = YES;
				CLANG_WARN_RANGE_LOOP_ANALYSIS = YES;
				CLANG_WARN_STRICT_PROTOTYPES = YES;
				CLANG_WARN_SUSPICIOUS_MOVE = YES;
				CLANG_WARN_UNGUARDED_AVAILABILITY = YES_AGGRESSIVE;
				CLANG_WARN_UNREACHABLE_CODE = YES;
				CLANG_WARN__DUPLICATE_METHOD_MATCH = YES;
				COPY_PHASE_STRIP = NO;
				DEBUG_INFORMATION_FORMAT = dwarf;
				ENABLE_STRICT_OBJC_MSGSEND = YES;
				ENABLE_TESTABILITY = YES;
				GCC_C_LANGUAGE_STANDARD = gnu11;
				GCC_DYNAMIC_NO_PIC = NO;
				GCC_NO_COMMON_BLOCKS = YES;
				GCC_OPTIMIZATION_LEVEL = 0;
				GCC_PREPROCESSOR_DEFINITIONS = (
					"DEBUG=1",
					"$(inherited)",
				);
				GCC_WARN_64_TO_32_BIT_CONVERSION = YES;
				GCC_WARN_ABOUT_RETURN_TYPE = YES_ERROR;
				GCC_WARN_UNDECLARED_SELECTOR = YES;
				GCC_WARN_UNINITIALIZED_AUTOS = YES_AGGRESSIVE;
				GCC_WARN_UNUSED_FUNCTION = YES;
				GCC_WARN_UNUSED_VARIABLE = YES;
				IPHONEOS_DEPLOYMENT_TARGET = 14.0;
				MTL_ENABLE_DEBUG_INFO = INCLUDE_SOURCE;
				MTL_FAST_MATH = YES;
				ONLY_ACTIVE_ARCH = YES;
				SDKROOT = iphoneos;
				SWIFT_ACTIVE_COMPILATION_CONDITIONS = DEBUG;
				SWIFT_OPTIMIZATION_LEVEL = "-Onone";
			};
			name = Debug;
		};
		89673BC0253160D000294010 /* Release */ = {
			isa = XCBuildConfiguration;
			buildSettings = {
				ALWAYS_SEARCH_USER_PATHS = NO;
				CLANG_ANALYZER_NONNULL = YES;
				CLANG_ANALYZER_NUMBER_OBJECT_CONVERSION = YES_AGGRESSIVE;
				CLANG_CXX_LANGUAGE_STANDARD = "gnu++14";
				CLANG_CXX_LIBRARY = "libc++";
				CLANG_ENABLE_MODULES = YES;
				CLANG_ENABLE_OBJC_ARC = YES;
				CLANG_ENABLE_OBJC_WEAK = YES;
				CLANG_WARN_BLOCK_CAPTURE_AUTORELEASING = YES;
				CLANG_WARN_BOOL_CONVERSION = YES;
				CLANG_WARN_COMMA = YES;
				CLANG_WARN_CONSTANT_CONVERSION = YES;
				CLANG_WARN_DEPRECATED_OBJC_IMPLEMENTATIONS = YES;
				CLANG_WARN_DIRECT_OBJC_ISA_USAGE = YES_ERROR;
				CLANG_WARN_DOCUMENTATION_COMMENTS = YES;
				CLANG_WARN_EMPTY_BODY = YES;
				CLANG_WARN_ENUM_CONVERSION = YES;
				CLANG_WARN_INFINITE_RECURSION = YES;
				CLANG_WARN_INT_CONVERSION = YES;
				CLANG_WARN_NON_LITERAL_NULL_CONVERSION = YES;
				CLANG_WARN_OBJC_IMPLICIT_RETAIN_SELF = YES;
				CLANG_WARN_OBJC_LITERAL_CONVERSION = YES;
				CLANG_WARN_OBJC_ROOT_CLASS = YES_ERROR;
				CLANG_WARN_QUOTED_INCLUDE_IN_FRAMEWORK_HEADER = YES;
				CLANG_WARN_RANGE_LOOP_ANALYSIS = YES;
				CLANG_WARN_STRICT_PROTOTYPES = YES;
				CLANG_WARN_SUSPICIOUS_MOVE = YES;
				CLANG_WARN_UNGUARDED_AVAILABILITY = YES_AGGRESSIVE;
				CLANG_WARN_UNREACHABLE_CODE = YES;
				CLANG_WARN__DUPLICATE_METHOD_MATCH = YES;
				COPY_PHASE_STRIP = NO;
				DEBUG_INFORMATION_FORMAT = "dwarf-with-dsym";
				ENABLE_NS_ASSERTIONS = NO;
				ENABLE_STRICT_OBJC_MSGSEND = YES;
				GCC_C_LANGUAGE_STANDARD = gnu11;
				GCC_NO_COMMON_BLOCKS = YES;
				GCC_WARN_64_TO_32_BIT_CONVERSION = YES;
				GCC_WARN_ABOUT_RETURN_TYPE = YES_ERROR;
				GCC_WARN_UNDECLARED_SELECTOR = YES;
				GCC_WARN_UNINITIALIZED_AUTOS = YES_AGGRESSIVE;
				GCC_WARN_UNUSED_FUNCTION = YES;
				GCC_WARN_UNUSED_VARIABLE = YES;
				IPHONEOS_DEPLOYMENT_TARGET = 14.0;
				MTL_ENABLE_DEBUG_INFO = NO;
				MTL_FAST_MATH = YES;
				SDKROOT = iphoneos;
				SWIFT_COMPILATION_MODE = wholemodule;
				SWIFT_OPTIMIZATION_LEVEL = "-O";
				VALIDATE_PRODUCT = YES;
			};
			name = Release;
		};
		89673BC2253160D000294010 /* Debug */ = {
			isa = XCBuildConfiguration;
			baseConfigurationReference = EF62C1E9690C5DF19BC0FB84 /* Pods-Pakae.debug.xcconfig */;
			buildSettings = {
				ASSETCATALOG_COMPILER_APPICON_NAME = AppIcon;
				ASSETCATALOG_COMPILER_GLOBAL_ACCENT_COLOR_NAME = AccentColor;
				CODE_SIGN_ENTITLEMENTS = Pakae/Pakae.entitlements;
				CODE_SIGN_STYLE = Automatic;
				DEVELOPMENT_ASSET_PATHS = "\"Pakae/Preview Content\"";
				DEVELOPMENT_TEAM = 7UM9U6CWFS;
				ENABLE_PREVIEWS = YES;
				INFOPLIST_FILE = Pakae/Info.plist;
				IPHONEOS_DEPLOYMENT_TARGET = 14.0;
				LD_RUNPATH_SEARCH_PATHS = (
					"$(inherited)",
					"@executable_path/Frameworks",
				);
				PRODUCT_BUNDLE_IDENTIFIER = com.haludev.evan;
				PRODUCT_NAME = "$(TARGET_NAME)";
				SWIFT_VERSION = 5.0;
				TARGETED_DEVICE_FAMILY = 1;
			};
			name = Debug;
		};
		89673BC3253160D000294010 /* Release */ = {
			isa = XCBuildConfiguration;
			baseConfigurationReference = E093CF6D2A5B8E9AA0C22C09 /* Pods-Pakae.release.xcconfig */;
			buildSettings = {
				ASSETCATALOG_COMPILER_APPICON_NAME = AppIcon;
				ASSETCATALOG_COMPILER_GLOBAL_ACCENT_COLOR_NAME = AccentColor;
				CODE_SIGN_ENTITLEMENTS = Pakae/Pakae.entitlements;
				CODE_SIGN_STYLE = Automatic;
				DEVELOPMENT_ASSET_PATHS = "\"Pakae/Preview Content\"";
				DEVELOPMENT_TEAM = 7UM9U6CWFS;
				ENABLE_PREVIEWS = YES;
				INFOPLIST_FILE = Pakae/Info.plist;
				IPHONEOS_DEPLOYMENT_TARGET = 14.0;
				LD_RUNPATH_SEARCH_PATHS = (
					"$(inherited)",
					"@executable_path/Frameworks",
				);
				PRODUCT_BUNDLE_IDENTIFIER = com.haludev.evan;
				PRODUCT_NAME = "$(TARGET_NAME)";
				SWIFT_VERSION = 5.0;
				TARGETED_DEVICE_FAMILY = 1;
			};
			name = Release;
		};
		89673BC5253160D000294010 /* Debug */ = {
			isa = XCBuildConfiguration;
			baseConfigurationReference = F58E8C5FD2D89C1B3559DB0E /* Pods-PakaeTests.debug.xcconfig */;
			buildSettings = {
				ALWAYS_EMBED_SWIFT_STANDARD_LIBRARIES = YES;
				BUNDLE_LOADER = "$(TEST_HOST)";
				CODE_SIGN_STYLE = Automatic;
				DEVELOPMENT_TEAM = TAYLVU398Z;
				INFOPLIST_FILE = PakaeTests/Info.plist;
				IPHONEOS_DEPLOYMENT_TARGET = 14.0;
				LD_RUNPATH_SEARCH_PATHS = (
					"$(inherited)",
					"@executable_path/Frameworks",
					"@loader_path/Frameworks",
				);
				PRODUCT_BUNDLE_IDENTIFIER = com.haludev.PakaeTests;
				PRODUCT_NAME = "$(TARGET_NAME)";
				SWIFT_VERSION = 5.0;
				TARGETED_DEVICE_FAMILY = "1,2";
				TEST_HOST = "$(BUILT_PRODUCTS_DIR)/Pakae.app/Pakae";
			};
			name = Debug;
		};
		89673BC6253160D000294010 /* Release */ = {
			isa = XCBuildConfiguration;
			baseConfigurationReference = 02D6FFF6DBFE1D6D704B8134 /* Pods-PakaeTests.release.xcconfig */;
			buildSettings = {
				ALWAYS_EMBED_SWIFT_STANDARD_LIBRARIES = YES;
				BUNDLE_LOADER = "$(TEST_HOST)";
				CODE_SIGN_STYLE = Automatic;
				DEVELOPMENT_TEAM = TAYLVU398Z;
				INFOPLIST_FILE = PakaeTests/Info.plist;
				IPHONEOS_DEPLOYMENT_TARGET = 14.0;
				LD_RUNPATH_SEARCH_PATHS = (
					"$(inherited)",
					"@executable_path/Frameworks",
					"@loader_path/Frameworks",
				);
				PRODUCT_BUNDLE_IDENTIFIER = com.haludev.PakaeTests;
				PRODUCT_NAME = "$(TARGET_NAME)";
				SWIFT_VERSION = 5.0;
				TARGETED_DEVICE_FAMILY = "1,2";
				TEST_HOST = "$(BUILT_PRODUCTS_DIR)/Pakae.app/Pakae";
			};
			name = Release;
		};
		89673BC8253160D000294010 /* Debug */ = {
			isa = XCBuildConfiguration;
			baseConfigurationReference = 1C6DCBCE3BFB7D2DF783B3C7 /* Pods-Pakae-PakaeUITests.debug.xcconfig */;
			buildSettings = {
				ALWAYS_EMBED_SWIFT_STANDARD_LIBRARIES = YES;
				CODE_SIGN_STYLE = Automatic;
				DEVELOPMENT_TEAM = RVX7923326;
				INFOPLIST_FILE = PakaeUITests/Info.plist;
				LD_RUNPATH_SEARCH_PATHS = (
					"$(inherited)",
					"@executable_path/Frameworks",
					"@loader_path/Frameworks",
				);
				PRODUCT_BUNDLE_IDENTIFIER = com.haludev.PakaeUITests;
				PRODUCT_NAME = "$(TARGET_NAME)";
				SWIFT_VERSION = 5.0;
				TARGETED_DEVICE_FAMILY = "1,2";
				TEST_TARGET_NAME = Pakae;
			};
			name = Debug;
		};
		89673BC9253160D000294010 /* Release */ = {
			isa = XCBuildConfiguration;
			baseConfigurationReference = 263ED28431221E5B3E021171 /* Pods-Pakae-PakaeUITests.release.xcconfig */;
			buildSettings = {
				ALWAYS_EMBED_SWIFT_STANDARD_LIBRARIES = YES;
				CODE_SIGN_STYLE = Automatic;
				DEVELOPMENT_TEAM = RVX7923326;
				INFOPLIST_FILE = PakaeUITests/Info.plist;
				LD_RUNPATH_SEARCH_PATHS = (
					"$(inherited)",
					"@executable_path/Frameworks",
					"@loader_path/Frameworks",
				);
				PRODUCT_BUNDLE_IDENTIFIER = com.haludev.PakaeUITests;
				PRODUCT_NAME = "$(TARGET_NAME)";
				SWIFT_VERSION = 5.0;
				TARGETED_DEVICE_FAMILY = "1,2";
				TEST_TARGET_NAME = Pakae;
			};
			name = Release;
		};
/* End XCBuildConfiguration section */

/* Begin XCConfigurationList section */
		89673B92253160CF00294010 /* Build configuration list for PBXProject "Pakae" */ = {
			isa = XCConfigurationList;
			buildConfigurations = (
				89673BBF253160D000294010 /* Debug */,
				89673BC0253160D000294010 /* Release */,
			);
			defaultConfigurationIsVisible = 0;
			defaultConfigurationName = Release;
		};
		89673BC1253160D000294010 /* Build configuration list for PBXNativeTarget "Pakae" */ = {
			isa = XCConfigurationList;
			buildConfigurations = (
				89673BC2253160D000294010 /* Debug */,
				89673BC3253160D000294010 /* Release */,
			);
			defaultConfigurationIsVisible = 0;
			defaultConfigurationName = Release;
		};
		89673BC4253160D000294010 /* Build configuration list for PBXNativeTarget "PakaeTests" */ = {
			isa = XCConfigurationList;
			buildConfigurations = (
				89673BC5253160D000294010 /* Debug */,
				89673BC6253160D000294010 /* Release */,
			);
			defaultConfigurationIsVisible = 0;
			defaultConfigurationName = Release;
		};
		89673BC7253160D000294010 /* Build configuration list for PBXNativeTarget "PakaeUITests" */ = {
			isa = XCConfigurationList;
			buildConfigurations = (
				89673BC8253160D000294010 /* Debug */,
				89673BC9253160D000294010 /* Release */,
			);
			defaultConfigurationIsVisible = 0;
			defaultConfigurationName = Release;
		};
/* End XCConfigurationList section */

/* Begin XCVersionGroup section */
		89673BA5253160D000294010 /* Pakae.xcdatamodeld */ = {
			isa = XCVersionGroup;
			children = (
				89673BA6253160D000294010 /* Pakae.xcdatamodel */,
			);
			currentVersion = 89673BA6253160D000294010 /* Pakae.xcdatamodel */;
			path = Pakae.xcdatamodeld;
			sourceTree = "<group>";
			versionGroupType = wrapper.xcdatamodel;
		};
/* End XCVersionGroup section */
	};
	rootObject = 89673B8F253160CF00294010 /* Project object */;
}
